
Microsoft Visual Studio Solution File, Format Version 12.00
# Visual Studio Version 16
VisualStudioVersion = 16.0.30907.101
MinimumVisualStudioVersion = 10.0.40219.1
Project("{9A19103F-16F7-4668-BE54-9A1E7A4F7556}") = "App.Sample.RepositoryPattern", "App.Sample.RepositoryPattern\App.Sample.RepositoryPattern.csproj", "{70037EC9-DD3A-4F8B-975C-5729150B7DD2}"
EndProject
Project("{9A19103F-16F7-4668-BE54-9A1E7A4F7556}") = "App.Sample.Infrastructure", "App.Sample.RP.Entities\App.Sample.Infrastructure.csproj", "{DB9AAE15-EF69-4DE4-AE5C-4C3373E80D24}"
EndProject
Project("{FAE04EC0-301F-11D3-BF4B-00C04F79EFBC}") = "App.Sample.Domain", "App.Sample.Domain\App.Sample.Domain.csproj", "{3D8A1D0E-5506-4C39-9CAF-26D5E80F96D6}"
EndProject
Project("{FAE04EC0-301F-11D3-BF4B-00C04F79EFBC}") = "App.Sample.Application", "App.Sample.Application\App.Sample.Application.csproj", "{F7787F47-AE9B-44C1-980E-0AC34F92BC44}"
EndProject
Global
	GlobalSection(SolutionConfigurationPlatforms) = preSolution
		Debug|Any CPU = Debug|Any CPU
		Release|Any CPU = Release|Any CPU
	EndGlobalSection
	GlobalSection(ProjectConfigurationPlatforms) = postSolution
		{70037EC9-DD3A-4F8B-975C-5729150B7DD2}.Debug|Any CPU.ActiveCfg = Debug|Any CPU
		{70037EC9-DD3A-4F8B-975C-5729150B7DD2}.Debug|Any CPU.Build.0 = Debug|Any CPU
		{70037EC9-DD3A-4F8B-975C-5729150B7DD2}.Release|Any CPU.ActiveCfg = Release|Any CPU
		{70037EC9-DD3A-4F8B-975C-5729150B7DD2}.Release|Any CPU.Build.0 = Release|Any CPU
		{DB9AAE15-EF69-4DE4-AE5C-4C3373E80D24}.Debug|Any CPU.ActiveCfg = Debug|Any CPU
		{DB9AAE15-EF69-4DE4-AE5C-4C3373E80D24}.Debug|Any CPU.Build.0 = Debug|Any CPU
		{DB9AAE15-EF69-4DE4-AE5C-4C3373E80D24}.Release|Any CPU.ActiveCfg = Release|Any CPU
		{DB9AAE15-EF69-4DE4-AE5C-4C3373E80D24}.Release|Any CPU.Build.0 = Release|Any CPU
		{3D8A1D0E-5506-4C39-9CAF-26D5E80F96D6}.Debug|Any CPU.ActiveCfg = Debug|Any CPU
		{3D8A1D0E-5506-4C39-9CAF-26D5E80F96D6}.Debug|Any CPU.Build.0 = Debug|Any CPU
		{3D8A1D0E-5506-4C39-9CAF-26D5E80F96D6}.Release|Any CPU.ActiveCfg = Release|Any CPU
		{3D8A1D0E-5506-4C39-9CAF-26D5E80F96D6}.Release|Any CPU.Build.0 = Release|Any CPU
		{F7787F47-AE9B-44C1-980E-0AC34F92BC44}.Debug|Any CPU.ActiveCfg = Debug|Any CPU
		{F7787F47-AE9B-44C1-980E-0AC34F92BC44}.Debug|Any CPU.Build.0 = Debug|Any CPU
		{F7787F47-AE9B-44C1-980E-0AC34F92BC44}.Release|Any CPU.ActiveCfg = Release|Any CPU
		{F7787F47-AE9B-44C1-980E-0AC34F92BC44}.Release|Any CPU.Build.0 = Release|Any CPU
	EndGlobalSection
	GlobalSection(SolutionProperties) = preSolution
		HideSolutionNode = FALSE
	EndGlobalSection
	GlobalSection(ExtensibilityGlobals) = postSolution
		SolutionGuid = {B764B160-8B0A-4834-9FD3-78F2334FCBFC}
	EndGlobalSection
EndGlobal
